
Microsoft Visual Studio Solution File, Format Version 12.00
# Visual Studio Version 16
VisualStudioVersion = 16.0.29509.3
MinimumVisualStudioVersion = 10.0.40219.1
Project("{FAE04EC0-301F-11D3-BF4B-00C04F79EFBC}") = "wildcard_processing", "wildcard_processing\wildcard_processing.csproj", "{A848E220-EDDF-4F96-9F38-E385AB23B2C7}"
EndProject
Global
	GlobalSection(SolutionConfigurationPlatforms) = preSolution
		Debug|Any CPU = Debug|Any CPU
		Release|Any CPU = Release|Any CPU
	EndGlobalSection
	GlobalSection(ProjectConfigurationPlatforms) = postSolution
		{A848E220-EDDF-4F96-9F38-E385AB23B2C7}.Debug|Any CPU.ActiveCfg = Debug|Any CPU
		{A848E220-EDDF-4F96-9F38-E385AB23B2C7}.Debug|Any CPU.Build.0 = Debug|Any CPU
		{A848E220-EDDF-4F96-9F38-E385AB23B2C7}.Release|Any CPU.ActiveCfg = Release|Any CPU
		{A848E220-EDDF-4F96-9F38-E385AB23B2C7}.Release|Any CPU.Build.0 = Release|Any CPU
	EndGlobalSection
	GlobalSection(SolutionProperties) = preSolution
		HideSolutionNode = FALSE
	EndGlobalSection
	GlobalSection(ExtensibilityGlobals) = postSolution
		SolutionGuid = {E8C80FEC-564C-47CD-B1C7-A840BF1EE45A}
	EndGlobalSection
EndGlobal
